
Microsoft Visual Studio Solution File, Format Version 12.00
# Visual Studio Version 17
VisualStudioVersion = 17.3.32901.215
MinimumVisualStudioVersion = 10.0.40219.1
Project("{FAE04EC0-301F-11D3-BF4B-00C04F79EFBC}") = "Turniket", "Turniket.csproj", "{A619310B-F68F-4272-9286-F42E08726E00}"
EndProject
Global
	GlobalSection(SolutionConfigurationPlatforms) = preSolution
		Debug|Any CPU = Debug|Any CPU
		Release|Any CPU = Release|Any CPU
	EndGlobalSection
	GlobalSection(ProjectConfigurationPlatforms) = postSolution
		{A619310B-F68F-4272-9286-F42E08726E00}.Debug|Any CPU.ActiveCfg = Debug|Any CPU
		{A619310B-F68F-4272-9286-F42E08726E00}.Debug|Any CPU.Build.0 = Debug|Any CPU
		{A619310B-F68F-4272-9286-F42E08726E00}.Release|Any CPU.ActiveCfg = Release|Any CPU
		{A619310B-F68F-4272-9286-F42E08726E00}.Release|Any CPU.Build.0 = Release|Any CPU
	EndGlobalSection
	GlobalSection(SolutionProperties) = preSolution
		HideSolutionNode = FALSE
	EndGlobalSection
	GlobalSection(ExtensibilityGlobals) = postSolution
		SolutionGuid = {0EDC59B8-2247-4995-9A7C-D1239C4A0718}
	EndGlobalSection
EndGlobal
