
Microsoft Visual Studio Solution File, Format Version 12.00
# Visual Studio Version 17
VisualStudioVersion = 17.9.34728.123
MinimumVisualStudioVersion = 10.0.40219.1
Project("{FAE04EC0-301F-11D3-BF4B-00C04F79EFBC}") = "WpfApp2", "WpfApp2\WpfApp2.csproj", "{5C0D8810-99CB-4012-9FE2-DCCDC1CB45E7}"
EndProject
Global
	GlobalSection(SolutionConfigurationPlatforms) = preSolution
		Debug|Any CPU = Debug|Any CPU
		Release|Any CPU = Release|Any CPU
	EndGlobalSection
	GlobalSection(ProjectConfigurationPlatforms) = postSolution
		{5C0D8810-99CB-4012-9FE2-DCCDC1CB45E7}.Debug|Any CPU.ActiveCfg = Debug|Any CPU
		{5C0D8810-99CB-4012-9FE2-DCCDC1CB45E7}.Debug|Any CPU.Build.0 = Debug|Any CPU
		{5C0D8810-99CB-4012-9FE2-DCCDC1CB45E7}.Release|Any CPU.ActiveCfg = Release|Any CPU
		{5C0D8810-99CB-4012-9FE2-DCCDC1CB45E7}.Release|Any CPU.Build.0 = Release|Any CPU
	EndGlobalSection
	GlobalSection(SolutionProperties) = preSolution
		HideSolutionNode = FALSE
	EndGlobalSection
	GlobalSection(ExtensibilityGlobals) = postSolution
		SolutionGuid = {AF9A9C0D-2DE7-4165-9E1F-9B93EDC1C1CF}
	EndGlobalSection
EndGlobal
