
Microsoft Visual Studio Solution File, Format Version 12.00
# Visual Studio Version 17
VisualStudioVersion = 17.3.32901.215
MinimumVisualStudioVersion = 10.0.40219.1
Project("{FAE04EC0-301F-11D3-BF4B-00C04F79EFBC}") = "NkEdit", "NkEdit\NkEdit.csproj", "{B4DB02E5-B3C4-46E3-B194-DD7F0157D3E7}"
EndProject
Global
	GlobalSection(SolutionConfigurationPlatforms) = preSolution
		Debug|Any CPU = Debug|Any CPU
		Release|Any CPU = Release|Any CPU
	EndGlobalSection
	GlobalSection(ProjectConfigurationPlatforms) = postSolution
		{B4DB02E5-B3C4-46E3-B194-DD7F0157D3E7}.Debug|Any CPU.ActiveCfg = Debug|Any CPU
		{B4DB02E5-B3C4-46E3-B194-DD7F0157D3E7}.Debug|Any CPU.Build.0 = Debug|Any CPU
		{B4DB02E5-B3C4-46E3-B194-DD7F0157D3E7}.Release|Any CPU.ActiveCfg = Release|Any CPU
		{B4DB02E5-B3C4-46E3-B194-DD7F0157D3E7}.Release|Any CPU.Build.0 = Release|Any CPU
	EndGlobalSection
	GlobalSection(SolutionProperties) = preSolution
		HideSolutionNode = FALSE
	EndGlobalSection
	GlobalSection(ExtensibilityGlobals) = postSolution
		SolutionGuid = {E5E00C26-3AD4-4932-9C07-91F68A1FEFF7}
	EndGlobalSection
EndGlobal
