
Microsoft Visual Studio Solution File, Format Version 12.00
# Visual Studio Version 17
VisualStudioVersion = 17.5.33424.131
MinimumVisualStudioVersion = 10.0.40219.1
Project("{FAE04EC0-301F-11D3-BF4B-00C04F79EFBC}") = "ConsoleApp2", "ConsoleApp2\ConsoleApp2.csproj", "{FA4A1AFA-5FBD-4D5D-9AC6-75BF353D407B}"
EndProject
Global
	GlobalSection(SolutionConfigurationPlatforms) = preSolution
		Debug|Any CPU = Debug|Any CPU
		Release|Any CPU = Release|Any CPU
	EndGlobalSection
	GlobalSection(ProjectConfigurationPlatforms) = postSolution
		{FA4A1AFA-5FBD-4D5D-9AC6-75BF353D407B}.Debug|Any CPU.ActiveCfg = Debug|Any CPU
		{FA4A1AFA-5FBD-4D5D-9AC6-75BF353D407B}.Debug|Any CPU.Build.0 = Debug|Any CPU
		{FA4A1AFA-5FBD-4D5D-9AC6-75BF353D407B}.Release|Any CPU.ActiveCfg = Release|Any CPU
		{FA4A1AFA-5FBD-4D5D-9AC6-75BF353D407B}.Release|Any CPU.Build.0 = Release|Any CPU
	EndGlobalSection
	GlobalSection(SolutionProperties) = preSolution
		HideSolutionNode = FALSE
	EndGlobalSection
	GlobalSection(ExtensibilityGlobals) = postSolution
		SolutionGuid = {456AF7E6-F27F-46CF-9621-228739B592F8}
	EndGlobalSection
EndGlobal
