
Microsoft Visual Studio Solution File, Format Version 12.00
# Visual Studio Version 17
VisualStudioVersion = 17.3.32901.215
MinimumVisualStudioVersion = 10.0.40219.1
Project("{FAE04EC0-301F-11D3-BF4B-00C04F79EFBC}") = "05.06.2023", "05.06.2023\05.06.2023.csproj", "{262197DA-EBC5-40A2-BD19-6632B1DD1651}"
EndProject
Global
	GlobalSection(SolutionConfigurationPlatforms) = preSolution
		Debug|Any CPU = Debug|Any CPU
		Release|Any CPU = Release|Any CPU
	EndGlobalSection
	GlobalSection(ProjectConfigurationPlatforms) = postSolution
		{262197DA-EBC5-40A2-BD19-6632B1DD1651}.Debug|Any CPU.ActiveCfg = Debug|Any CPU
		{262197DA-EBC5-40A2-BD19-6632B1DD1651}.Debug|Any CPU.Build.0 = Debug|Any CPU
		{262197DA-EBC5-40A2-BD19-6632B1DD1651}.Release|Any CPU.ActiveCfg = Release|Any CPU
		{262197DA-EBC5-40A2-BD19-6632B1DD1651}.Release|Any CPU.Build.0 = Release|Any CPU
	EndGlobalSection
	GlobalSection(SolutionProperties) = preSolution
		HideSolutionNode = FALSE
	EndGlobalSection
	GlobalSection(ExtensibilityGlobals) = postSolution
		SolutionGuid = {7D4EAA3E-A518-4DFF-B15A-ABF2060FE96C}
	EndGlobalSection
EndGlobal
