
Microsoft Visual Studio Solution File, Format Version 12.00
# Visual Studio Version 17
VisualStudioVersion = 17.5.33424.131
MinimumVisualStudioVersion = 10.0.40219.1
Project("{FAE04EC0-301F-11D3-BF4B-00C04F79EFBC}") = "WPF_09.02.2024_Lesson94_Commands", "WPF_09.02.2024_Lesson94_Commands\WPF_09.02.2024_Lesson94_Commands.csproj", "{70400DAA-8438-4496-84E4-6B66ADB9AFB1}"
EndProject
Global
	GlobalSection(SolutionConfigurationPlatforms) = preSolution
		Debug|Any CPU = Debug|Any CPU
		Release|Any CPU = Release|Any CPU
	EndGlobalSection
	GlobalSection(ProjectConfigurationPlatforms) = postSolution
		{70400DAA-8438-4496-84E4-6B66ADB9AFB1}.Debug|Any CPU.ActiveCfg = Debug|Any CPU
		{70400DAA-8438-4496-84E4-6B66ADB9AFB1}.Debug|Any CPU.Build.0 = Debug|Any CPU
		{70400DAA-8438-4496-84E4-6B66ADB9AFB1}.Release|Any CPU.ActiveCfg = Release|Any CPU
		{70400DAA-8438-4496-84E4-6B66ADB9AFB1}.Release|Any CPU.Build.0 = Release|Any CPU
	EndGlobalSection
	GlobalSection(SolutionProperties) = preSolution
		HideSolutionNode = FALSE
	EndGlobalSection
	GlobalSection(ExtensibilityGlobals) = postSolution
		SolutionGuid = {75FD41F4-F6C9-40BC-8D06-B28E629E7F36}
	EndGlobalSection
EndGlobal
