
Microsoft Visual Studio Solution File, Format Version 12.00
# Visual Studio Version 17
VisualStudioVersion = 17.7.34024.191
MinimumVisualStudioVersion = 10.0.40219.1
Project("{FAE04EC0-301F-11D3-BF4B-00C04F79EFBC}") = "HWOOPp", "HWOOPp\HWOOPp.csproj", "{D33F856E-DBD2-415C-A75B-37935CB787DD}"
EndProject
Global
	GlobalSection(SolutionConfigurationPlatforms) = preSolution
		Debug|Any CPU = Debug|Any CPU
		Release|Any CPU = Release|Any CPU
	EndGlobalSection
	GlobalSection(ProjectConfigurationPlatforms) = postSolution
		{D33F856E-DBD2-415C-A75B-37935CB787DD}.Debug|Any CPU.ActiveCfg = Debug|Any CPU
		{D33F856E-DBD2-415C-A75B-37935CB787DD}.Debug|Any CPU.Build.0 = Debug|Any CPU
		{D33F856E-DBD2-415C-A75B-37935CB787DD}.Release|Any CPU.ActiveCfg = Release|Any CPU
		{D33F856E-DBD2-415C-A75B-37935CB787DD}.Release|Any CPU.Build.0 = Release|Any CPU
	EndGlobalSection
	GlobalSection(SolutionProperties) = preSolution
		HideSolutionNode = FALSE
	EndGlobalSection
	GlobalSection(ExtensibilityGlobals) = postSolution
		SolutionGuid = {04DAB4E0-FBB2-40E8-B7FC-D06AD87EBA31}
	EndGlobalSection
EndGlobal
