
Microsoft Visual Studio Solution File, Format Version 12.00
# Visual Studio Version 17
VisualStudioVersion = 17.5.33424.131
MinimumVisualStudioVersion = 10.0.40219.1
Project("{FAE04EC0-301F-11D3-BF4B-00C04F79EFBC}") = "ThredOperation1", "ThredOperation1\ThredOperation1.csproj", "{E576A04A-EA2B-43CC-A59B-3F91D2308997}"
EndProject
Global
	GlobalSection(SolutionConfigurationPlatforms) = preSolution
		Debug|Any CPU = Debug|Any CPU
		Release|Any CPU = Release|Any CPU
	EndGlobalSection
	GlobalSection(ProjectConfigurationPlatforms) = postSolution
		{E576A04A-EA2B-43CC-A59B-3F91D2308997}.Debug|Any CPU.ActiveCfg = Debug|Any CPU
		{E576A04A-EA2B-43CC-A59B-3F91D2308997}.Debug|Any CPU.Build.0 = Debug|Any CPU
		{E576A04A-EA2B-43CC-A59B-3F91D2308997}.Release|Any CPU.ActiveCfg = Release|Any CPU
		{E576A04A-EA2B-43CC-A59B-3F91D2308997}.Release|Any CPU.Build.0 = Release|Any CPU
	EndGlobalSection
	GlobalSection(SolutionProperties) = preSolution
		HideSolutionNode = FALSE
	EndGlobalSection
	GlobalSection(ExtensibilityGlobals) = postSolution
		SolutionGuid = {DB19F370-1F8E-4249-8170-6907283074AF}
	EndGlobalSection
EndGlobal
