
Microsoft Visual Studio Solution File, Format Version 12.00
# Visual Studio Version 17
VisualStudioVersion = 17.5.33424.131
MinimumVisualStudioVersion = 10.0.40219.1
Project("{FAE04EC0-301F-11D3-BF4B-00C04F79EFBC}") = "ModelCreating", "ModelCreating\ModelCreating.csproj", "{4FF6EC5D-FD64-4D28-BB92-6D8B98944C29}"
EndProject
Global
	GlobalSection(SolutionConfigurationPlatforms) = preSolution
		Debug|Any CPU = Debug|Any CPU
		Release|Any CPU = Release|Any CPU
	EndGlobalSection
	GlobalSection(ProjectConfigurationPlatforms) = postSolution
		{4FF6EC5D-FD64-4D28-BB92-6D8B98944C29}.Debug|Any CPU.ActiveCfg = Debug|Any CPU
		{4FF6EC5D-FD64-4D28-BB92-6D8B98944C29}.Debug|Any CPU.Build.0 = Debug|Any CPU
		{4FF6EC5D-FD64-4D28-BB92-6D8B98944C29}.Release|Any CPU.ActiveCfg = Release|Any CPU
		{4FF6EC5D-FD64-4D28-BB92-6D8B98944C29}.Release|Any CPU.Build.0 = Release|Any CPU
	EndGlobalSection
	GlobalSection(SolutionProperties) = preSolution
		HideSolutionNode = FALSE
	EndGlobalSection
	GlobalSection(ExtensibilityGlobals) = postSolution
		SolutionGuid = {31ABDABE-505B-416D-AD29-6BB99EDFC9DD}
	EndGlobalSection
EndGlobal
