
Microsoft Visual Studio Solution File, Format Version 12.00
# Visual Studio Version 17
VisualStudioVersion = 17.3.32901.215
MinimumVisualStudioVersion = 10.0.40219.1
Project("{FAE04EC0-301F-11D3-BF4B-00C04F79EFBC}") = "10.05.23", "10.05.23\10.05.23.csproj", "{E07050C6-BD7A-4A0D-9FBB-6F51DFF84288}"
EndProject
Global
	GlobalSection(SolutionConfigurationPlatforms) = preSolution
		Debug|Any CPU = Debug|Any CPU
		Release|Any CPU = Release|Any CPU
	EndGlobalSection
	GlobalSection(ProjectConfigurationPlatforms) = postSolution
		{E07050C6-BD7A-4A0D-9FBB-6F51DFF84288}.Debug|Any CPU.ActiveCfg = Debug|Any CPU
		{E07050C6-BD7A-4A0D-9FBB-6F51DFF84288}.Debug|Any CPU.Build.0 = Debug|Any CPU
		{E07050C6-BD7A-4A0D-9FBB-6F51DFF84288}.Release|Any CPU.ActiveCfg = Release|Any CPU
		{E07050C6-BD7A-4A0D-9FBB-6F51DFF84288}.Release|Any CPU.Build.0 = Release|Any CPU
	EndGlobalSection
	GlobalSection(SolutionProperties) = preSolution
		HideSolutionNode = FALSE
	EndGlobalSection
	GlobalSection(ExtensibilityGlobals) = postSolution
		SolutionGuid = {7E3EC3AE-BBB8-498F-8BF7-2BE1E60F498C}
	EndGlobalSection
EndGlobal
