
Microsoft Visual Studio Solution File, Format Version 12.00
# Visual Studio Version 17
VisualStudioVersion = 17.6.33815.320
MinimumVisualStudioVersion = 10.0.40219.1
Project("{FAE04EC0-301F-11D3-BF4B-00C04F79EFBC}") = "HWOOP9", "HWOOP9\HWOOP9.csproj", "{97F19ABB-8351-4CC5-B5C4-4726F9392190}"
EndProject
Global
	GlobalSection(SolutionConfigurationPlatforms) = preSolution
		Debug|Any CPU = Debug|Any CPU
		Release|Any CPU = Release|Any CPU
	EndGlobalSection
	GlobalSection(ProjectConfigurationPlatforms) = postSolution
		{97F19ABB-8351-4CC5-B5C4-4726F9392190}.Debug|Any CPU.ActiveCfg = Debug|Any CPU
		{97F19ABB-8351-4CC5-B5C4-4726F9392190}.Debug|Any CPU.Build.0 = Debug|Any CPU
		{97F19ABB-8351-4CC5-B5C4-4726F9392190}.Release|Any CPU.ActiveCfg = Release|Any CPU
		{97F19ABB-8351-4CC5-B5C4-4726F9392190}.Release|Any CPU.Build.0 = Release|Any CPU
	EndGlobalSection
	GlobalSection(SolutionProperties) = preSolution
		HideSolutionNode = FALSE
	EndGlobalSection
	GlobalSection(ExtensibilityGlobals) = postSolution
		SolutionGuid = {9C1FEF6F-2F14-4CDD-9495-8ECA924692AF}
	EndGlobalSection
EndGlobal
