
Microsoft Visual Studio Solution File, Format Version 12.00
# Visual Studio Version 17
VisualStudioVersion = 17.3.32901.215
MinimumVisualStudioVersion = 10.0.40219.1
Project("{9A19103F-16F7-4668-BE54-9A1E7A4F7556}") = "OOP", "OOP.csproj", "{CAA4EAA9-BAA6-4A92-B655-1D1E5A0C41B4}"
EndProject
Project("{9A19103F-16F7-4668-BE54-9A1E7A4F7556}") = "Practice1", "Practice1\Practice1.csproj", "{29B3596D-BCE6-4210-9FBB-C8351A7BDE9C}"
EndProject
Project("{9A19103F-16F7-4668-BE54-9A1E7A4F7556}") = "practice2", "..\practice2\practice2.csproj", "{143F1E28-DB5A-40B0-85A5-AF2DE30D5E40}"
EndProject
Project("{9A19103F-16F7-4668-BE54-9A1E7A4F7556}") = "DrobProject", "..\DrobProject\DrobProject.csproj", "{8D7770C0-5BB5-4A2B-85BB-79B7780DE112}"
EndProject
Project("{9A19103F-16F7-4668-BE54-9A1E7A4F7556}") = "destruct", "..\destruct\destruct.csproj", "{2BD7C3EE-FB1A-4A97-B89B-CAC595FE8D1E}"
EndProject
Project("{9A19103F-16F7-4668-BE54-9A1E7A4F7556}") = "TrainProject", "..\TrainProject\TrainProject.csproj", "{F3FE241B-D9CB-4B97-BC3F-C168B13715BD}"
EndProject
Project("{9A19103F-16F7-4668-BE54-9A1E7A4F7556}") = "Automobile", "..\Automobile\Automobile.csproj", "{71A7FDA1-7215-43BF-95ED-BBA7C09A6644}"
EndProject
Project("{9A19103F-16F7-4668-BE54-9A1E7A4F7556}") = "Turniket4", "..\Turniket4\Turniket4.csproj", "{4CFFAC51-867F-41D7-8810-5ABCC831EDEC}"
EndProject
Project("{9A19103F-16F7-4668-BE54-9A1E7A4F7556}") = "AutoPropety", "..\AutoPropety\AutoPropety.csproj", "{89991448-DE47-467E-915A-485FBA05500D}"
EndProject
Project("{9A19103F-16F7-4668-BE54-9A1E7A4F7556}") = "Points", "..\Points\Points.csproj", "{73ADBA62-6AF2-40E1-95BE-9C34EE6937D0}"
EndProject
Project("{9A19103F-16F7-4668-BE54-9A1E7A4F7556}") = "Lab", "..\Lab\Lab.csproj", "{F8E5DC49-7740-446F-B067-D73226F48BD2}"
EndProject
Project("{9A19103F-16F7-4668-BE54-9A1E7A4F7556}") = "PartialProject", "..\PartialProject\PartialProject.csproj", "{B76A64D0-D20C-466B-A0C7-26DF7E1BB327}"
EndProject
Project("{9A19103F-16F7-4668-BE54-9A1E7A4F7556}") = "S7", "..\S7\S7.csproj", "{800AF94F-7C57-47C3-B3D3-B0EEEDADD80F}"
EndProject
Project("{9A19103F-16F7-4668-BE54-9A1E7A4F7556}") = "Bank", "..\Bank\Bank.csproj", "{A072698D-0AD0-40E8-BF85-8A8AC6709588}"
EndProject
Project("{9A19103F-16F7-4668-BE54-9A1E7A4F7556}") = "Inharitance", "..\Inharitance\Inharitance.csproj", "{C339C9AC-4C53-4609-94C1-B128ED29B932}"
EndProject
Project("{9A19103F-16F7-4668-BE54-9A1E7A4F7556}") = "HumanWorker", "..\HumanWorker\HumanWorker.csproj", "{87A11BCF-6AE2-4CD0-B604-01B9D2373CDD}"
EndProject
Project("{9A19103F-16F7-4668-BE54-9A1E7A4F7556}") = "StudentAspirant", "..\StudentAspirant\StudentAspirant.csproj", "{7B495B5E-0A80-440B-8B08-78BC509D1DA4}"
EndProject
Project("{9A19103F-16F7-4668-BE54-9A1E7A4F7556}") = "Figures", "..\Figures\Figures.csproj", "{FDAED813-2EDB-4E9C-8274-F0845F41F56F}"
EndProject
Project("{FAE04EC0-301F-11D3-BF4B-00C04F79EFBC}") = "IndexOf10", "..\IndexOf10\IndexOf10.csproj", "{0DC2C117-D414-47E0-A20D-9ABBC5D91B5B}"
EndProject
Project("{FAE04EC0-301F-11D3-BF4B-00C04F79EFBC}") = "Peregruzka", "..\Peregruzka\Peregruzka.csproj", "{705BCAE4-C6EC-4730-AECE-2C32D27CA34D}"
EndProject
Global
	GlobalSection(SolutionConfigurationPlatforms) = preSolution
		Debug|Any CPU = Debug|Any CPU
		Release|Any CPU = Release|Any CPU
	EndGlobalSection
	GlobalSection(ProjectConfigurationPlatforms) = postSolution
		{CAA4EAA9-BAA6-4A92-B655-1D1E5A0C41B4}.Debug|Any CPU.ActiveCfg = Debug|Any CPU
		{CAA4EAA9-BAA6-4A92-B655-1D1E5A0C41B4}.Debug|Any CPU.Build.0 = Debug|Any CPU
		{CAA4EAA9-BAA6-4A92-B655-1D1E5A0C41B4}.Release|Any CPU.ActiveCfg = Release|Any CPU
		{CAA4EAA9-BAA6-4A92-B655-1D1E5A0C41B4}.Release|Any CPU.Build.0 = Release|Any CPU
		{29B3596D-BCE6-4210-9FBB-C8351A7BDE9C}.Debug|Any CPU.ActiveCfg = Debug|Any CPU
		{29B3596D-BCE6-4210-9FBB-C8351A7BDE9C}.Debug|Any CPU.Build.0 = Debug|Any CPU
		{29B3596D-BCE6-4210-9FBB-C8351A7BDE9C}.Release|Any CPU.ActiveCfg = Release|Any CPU
		{29B3596D-BCE6-4210-9FBB-C8351A7BDE9C}.Release|Any CPU.Build.0 = Release|Any CPU
		{143F1E28-DB5A-40B0-85A5-AF2DE30D5E40}.Debug|Any CPU.ActiveCfg = Debug|Any CPU
		{143F1E28-DB5A-40B0-85A5-AF2DE30D5E40}.Debug|Any CPU.Build.0 = Debug|Any CPU
		{143F1E28-DB5A-40B0-85A5-AF2DE30D5E40}.Release|Any CPU.ActiveCfg = Release|Any CPU
		{143F1E28-DB5A-40B0-85A5-AF2DE30D5E40}.Release|Any CPU.Build.0 = Release|Any CPU
		{8D7770C0-5BB5-4A2B-85BB-79B7780DE112}.Debug|Any CPU.ActiveCfg = Debug|Any CPU
		{8D7770C0-5BB5-4A2B-85BB-79B7780DE112}.Debug|Any CPU.Build.0 = Debug|Any CPU
		{8D7770C0-5BB5-4A2B-85BB-79B7780DE112}.Release|Any CPU.ActiveCfg = Release|Any CPU
		{8D7770C0-5BB5-4A2B-85BB-79B7780DE112}.Release|Any CPU.Build.0 = Release|Any CPU
		{2BD7C3EE-FB1A-4A97-B89B-CAC595FE8D1E}.Debug|Any CPU.ActiveCfg = Debug|Any CPU
		{2BD7C3EE-FB1A-4A97-B89B-CAC595FE8D1E}.Debug|Any CPU.Build.0 = Debug|Any CPU
		{2BD7C3EE-FB1A-4A97-B89B-CAC595FE8D1E}.Release|Any CPU.ActiveCfg = Release|Any CPU
		{2BD7C3EE-FB1A-4A97-B89B-CAC595FE8D1E}.Release|Any CPU.Build.0 = Release|Any CPU
		{F3FE241B-D9CB-4B97-BC3F-C168B13715BD}.Debug|Any CPU.ActiveCfg = Debug|Any CPU
		{F3FE241B-D9CB-4B97-BC3F-C168B13715BD}.Debug|Any CPU.Build.0 = Debug|Any CPU
		{F3FE241B-D9CB-4B97-BC3F-C168B13715BD}.Release|Any CPU.ActiveCfg = Release|Any CPU
		{F3FE241B-D9CB-4B97-BC3F-C168B13715BD}.Release|Any CPU.Build.0 = Release|Any CPU
		{71A7FDA1-7215-43BF-95ED-BBA7C09A6644}.Debug|Any CPU.ActiveCfg = Debug|Any CPU
		{71A7FDA1-7215-43BF-95ED-BBA7C09A6644}.Debug|Any CPU.Build.0 = Debug|Any CPU
		{71A7FDA1-7215-43BF-95ED-BBA7C09A6644}.Release|Any CPU.ActiveCfg = Release|Any CPU
		{71A7FDA1-7215-43BF-95ED-BBA7C09A6644}.Release|Any CPU.Build.0 = Release|Any CPU
		{4CFFAC51-867F-41D7-8810-5ABCC831EDEC}.Debug|Any CPU.ActiveCfg = Debug|Any CPU
		{4CFFAC51-867F-41D7-8810-5ABCC831EDEC}.Debug|Any CPU.Build.0 = Debug|Any CPU
		{4CFFAC51-867F-41D7-8810-5ABCC831EDEC}.Release|Any CPU.ActiveCfg = Release|Any CPU
		{4CFFAC51-867F-41D7-8810-5ABCC831EDEC}.Release|Any CPU.Build.0 = Release|Any CPU
		{89991448-DE47-467E-915A-485FBA05500D}.Debug|Any CPU.ActiveCfg = Debug|Any CPU
		{89991448-DE47-467E-915A-485FBA05500D}.Debug|Any CPU.Build.0 = Debug|Any CPU
		{89991448-DE47-467E-915A-485FBA05500D}.Release|Any CPU.ActiveCfg = Release|Any CPU
		{89991448-DE47-467E-915A-485FBA05500D}.Release|Any CPU.Build.0 = Release|Any CPU
		{73ADBA62-6AF2-40E1-95BE-9C34EE6937D0}.Debug|Any CPU.ActiveCfg = Debug|Any CPU
		{73ADBA62-6AF2-40E1-95BE-9C34EE6937D0}.Debug|Any CPU.Build.0 = Debug|Any CPU
		{73ADBA62-6AF2-40E1-95BE-9C34EE6937D0}.Release|Any CPU.ActiveCfg = Release|Any CPU
		{73ADBA62-6AF2-40E1-95BE-9C34EE6937D0}.Release|Any CPU.Build.0 = Release|Any CPU
		{F8E5DC49-7740-446F-B067-D73226F48BD2}.Debug|Any CPU.ActiveCfg = Debug|Any CPU
		{F8E5DC49-7740-446F-B067-D73226F48BD2}.Debug|Any CPU.Build.0 = Debug|Any CPU
		{F8E5DC49-7740-446F-B067-D73226F48BD2}.Release|Any CPU.ActiveCfg = Release|Any CPU
		{F8E5DC49-7740-446F-B067-D73226F48BD2}.Release|Any CPU.Build.0 = Release|Any CPU
		{B76A64D0-D20C-466B-A0C7-26DF7E1BB327}.Debug|Any CPU.ActiveCfg = Debug|Any CPU
		{B76A64D0-D20C-466B-A0C7-26DF7E1BB327}.Debug|Any CPU.Build.0 = Debug|Any CPU
		{B76A64D0-D20C-466B-A0C7-26DF7E1BB327}.Release|Any CPU.ActiveCfg = Release|Any CPU
		{B76A64D0-D20C-466B-A0C7-26DF7E1BB327}.Release|Any CPU.Build.0 = Release|Any CPU
		{800AF94F-7C57-47C3-B3D3-B0EEEDADD80F}.Debug|Any CPU.ActiveCfg = Debug|Any CPU
		{800AF94F-7C57-47C3-B3D3-B0EEEDADD80F}.Debug|Any CPU.Build.0 = Debug|Any CPU
		{800AF94F-7C57-47C3-B3D3-B0EEEDADD80F}.Release|Any CPU.ActiveCfg = Release|Any CPU
		{800AF94F-7C57-47C3-B3D3-B0EEEDADD80F}.Release|Any CPU.Build.0 = Release|Any CPU
		{A072698D-0AD0-40E8-BF85-8A8AC6709588}.Debug|Any CPU.ActiveCfg = Debug|Any CPU
		{A072698D-0AD0-40E8-BF85-8A8AC6709588}.Debug|Any CPU.Build.0 = Debug|Any CPU
		{A072698D-0AD0-40E8-BF85-8A8AC6709588}.Release|Any CPU.ActiveCfg = Release|Any CPU
		{A072698D-0AD0-40E8-BF85-8A8AC6709588}.Release|Any CPU.Build.0 = Release|Any CPU
		{C339C9AC-4C53-4609-94C1-B128ED29B932}.Debug|Any CPU.ActiveCfg = Debug|Any CPU
		{C339C9AC-4C53-4609-94C1-B128ED29B932}.Debug|Any CPU.Build.0 = Debug|Any CPU
		{C339C9AC-4C53-4609-94C1-B128ED29B932}.Release|Any CPU.ActiveCfg = Release|Any CPU
		{C339C9AC-4C53-4609-94C1-B128ED29B932}.Release|Any CPU.Build.0 = Release|Any CPU
		{87A11BCF-6AE2-4CD0-B604-01B9D2373CDD}.Debug|Any CPU.ActiveCfg = Debug|Any CPU
		{87A11BCF-6AE2-4CD0-B604-01B9D2373CDD}.Debug|Any CPU.Build.0 = Debug|Any CPU
		{87A11BCF-6AE2-4CD0-B604-01B9D2373CDD}.Release|Any CPU.ActiveCfg = Release|Any CPU
		{87A11BCF-6AE2-4CD0-B604-01B9D2373CDD}.Release|Any CPU.Build.0 = Release|Any CPU
		{7B495B5E-0A80-440B-8B08-78BC509D1DA4}.Debug|Any CPU.ActiveCfg = Debug|Any CPU
		{7B495B5E-0A80-440B-8B08-78BC509D1DA4}.Debug|Any CPU.Build.0 = Debug|Any CPU
		{7B495B5E-0A80-440B-8B08-78BC509D1DA4}.Release|Any CPU.ActiveCfg = Release|Any CPU
		{7B495B5E-0A80-440B-8B08-78BC509D1DA4}.Release|Any CPU.Build.0 = Release|Any CPU
		{FDAED813-2EDB-4E9C-8274-F0845F41F56F}.Debug|Any CPU.ActiveCfg = Debug|Any CPU
		{FDAED813-2EDB-4E9C-8274-F0845F41F56F}.Debug|Any CPU.Build.0 = Debug|Any CPU
		{FDAED813-2EDB-4E9C-8274-F0845F41F56F}.Release|Any CPU.ActiveCfg = Release|Any CPU
		{FDAED813-2EDB-4E9C-8274-F0845F41F56F}.Release|Any CPU.Build.0 = Release|Any CPU
		{0DC2C117-D414-47E0-A20D-9ABBC5D91B5B}.Debug|Any CPU.ActiveCfg = Debug|Any CPU
		{0DC2C117-D414-47E0-A20D-9ABBC5D91B5B}.Debug|Any CPU.Build.0 = Debug|Any CPU
		{0DC2C117-D414-47E0-A20D-9ABBC5D91B5B}.Release|Any CPU.ActiveCfg = Release|Any CPU
		{0DC2C117-D414-47E0-A20D-9ABBC5D91B5B}.Release|Any CPU.Build.0 = Release|Any CPU
		{705BCAE4-C6EC-4730-AECE-2C32D27CA34D}.Debug|Any CPU.ActiveCfg = Debug|Any CPU
		{705BCAE4-C6EC-4730-AECE-2C32D27CA34D}.Debug|Any CPU.Build.0 = Debug|Any CPU
		{705BCAE4-C6EC-4730-AECE-2C32D27CA34D}.Release|Any CPU.ActiveCfg = Release|Any CPU
		{705BCAE4-C6EC-4730-AECE-2C32D27CA34D}.Release|Any CPU.Build.0 = Release|Any CPU
	EndGlobalSection
	GlobalSection(SolutionProperties) = preSolution
		HideSolutionNode = FALSE
	EndGlobalSection
	GlobalSection(ExtensibilityGlobals) = postSolution
		SolutionGuid = {0EE95054-EF78-455B-A56B-F9A59C6760FD}
	EndGlobalSection
EndGlobal
