
Microsoft Visual Studio Solution File, Format Version 12.00
# Visual Studio Version 17
VisualStudioVersion = 17.4.33213.308
MinimumVisualStudioVersion = 10.0.40219.1
Project("{FAE04EC0-301F-11D3-BF4B-00C04F79EFBC}") = "15.05.2023", "15.05.2023\15.05.2023.csproj", "{F47570D6-3B6C-4F9F-A5B0-29BE7D848C95}"
EndProject
Global
	GlobalSection(SolutionConfigurationPlatforms) = preSolution
		Debug|Any CPU = Debug|Any CPU
		Release|Any CPU = Release|Any CPU
	EndGlobalSection
	GlobalSection(ProjectConfigurationPlatforms) = postSolution
		{F47570D6-3B6C-4F9F-A5B0-29BE7D848C95}.Debug|Any CPU.ActiveCfg = Debug|Any CPU
		{F47570D6-3B6C-4F9F-A5B0-29BE7D848C95}.Debug|Any CPU.Build.0 = Debug|Any CPU
		{F47570D6-3B6C-4F9F-A5B0-29BE7D848C95}.Release|Any CPU.ActiveCfg = Release|Any CPU
		{F47570D6-3B6C-4F9F-A5B0-29BE7D848C95}.Release|Any CPU.Build.0 = Release|Any CPU
	EndGlobalSection
	GlobalSection(SolutionProperties) = preSolution
		HideSolutionNode = FALSE
	EndGlobalSection
	GlobalSection(ExtensibilityGlobals) = postSolution
		SolutionGuid = {C7211052-0436-4430-BC73-D8AFB9CAF7E7}
	EndGlobalSection
EndGlobal
