
Microsoft Visual Studio Solution File, Format Version 12.00
# Visual Studio Version 17
VisualStudioVersion = 17.6.33801.468
MinimumVisualStudioVersion = 10.0.40219.1
Project("{FAE04EC0-301F-11D3-BF4B-00C04F79EFBC}") = "HWFunc2", "HWFunc2\HWFunc2.csproj", "{327EAD3F-6E96-4D2A-B7C2-3DC3944861A5}"
EndProject
Global
	GlobalSection(SolutionConfigurationPlatforms) = preSolution
		Debug|Any CPU = Debug|Any CPU
		Release|Any CPU = Release|Any CPU
	EndGlobalSection
	GlobalSection(ProjectConfigurationPlatforms) = postSolution
		{327EAD3F-6E96-4D2A-B7C2-3DC3944861A5}.Debug|Any CPU.ActiveCfg = Debug|Any CPU
		{327EAD3F-6E96-4D2A-B7C2-3DC3944861A5}.Debug|Any CPU.Build.0 = Debug|Any CPU
		{327EAD3F-6E96-4D2A-B7C2-3DC3944861A5}.Release|Any CPU.ActiveCfg = Release|Any CPU
		{327EAD3F-6E96-4D2A-B7C2-3DC3944861A5}.Release|Any CPU.Build.0 = Release|Any CPU
	EndGlobalSection
	GlobalSection(SolutionProperties) = preSolution
		HideSolutionNode = FALSE
	EndGlobalSection
	GlobalSection(ExtensibilityGlobals) = postSolution
		SolutionGuid = {EB7740B8-CA69-431D-BA13-DAD23148BB48}
	EndGlobalSection
EndGlobal
