
Microsoft Visual Studio Solution File, Format Version 12.00
# Visual Studio Version 17
VisualStudioVersion = 17.5.33424.131
MinimumVisualStudioVersion = 10.0.40219.1
Project("{FAE04EC0-301F-11D3-BF4B-00C04F79EFBC}") = "01.11.2023", "01.11.2023\01.11.2023.csproj", "{21E4A894-1BE4-40FA-83CF-BA94D6717613}"
EndProject
Project("{FAE04EC0-301F-11D3-BF4B-00C04F79EFBC}") = "01.11.2023Prakt", "01.11.2023Prakt\01.11.2023Prakt.csproj", "{DD71D222-BEA1-4E6D-A16F-EDBEA5C5194E}"
EndProject
Project("{FAE04EC0-301F-11D3-BF4B-00C04F79EFBC}") = "01.11.2023Prakt2", "01.11.2023Prakt2\01.11.2023Prakt2.csproj", "{B41AE149-F7E2-4564-BE70-6BA2320049F2}"
EndProject
Global
	GlobalSection(SolutionConfigurationPlatforms) = preSolution
		Debug|Any CPU = Debug|Any CPU
		Release|Any CPU = Release|Any CPU
	EndGlobalSection
	GlobalSection(ProjectConfigurationPlatforms) = postSolution
		{21E4A894-1BE4-40FA-83CF-BA94D6717613}.Debug|Any CPU.ActiveCfg = Debug|Any CPU
		{21E4A894-1BE4-40FA-83CF-BA94D6717613}.Debug|Any CPU.Build.0 = Debug|Any CPU
		{21E4A894-1BE4-40FA-83CF-BA94D6717613}.Release|Any CPU.ActiveCfg = Release|Any CPU
		{21E4A894-1BE4-40FA-83CF-BA94D6717613}.Release|Any CPU.Build.0 = Release|Any CPU
		{DD71D222-BEA1-4E6D-A16F-EDBEA5C5194E}.Debug|Any CPU.ActiveCfg = Debug|Any CPU
		{DD71D222-BEA1-4E6D-A16F-EDBEA5C5194E}.Debug|Any CPU.Build.0 = Debug|Any CPU
		{DD71D222-BEA1-4E6D-A16F-EDBEA5C5194E}.Release|Any CPU.ActiveCfg = Release|Any CPU
		{DD71D222-BEA1-4E6D-A16F-EDBEA5C5194E}.Release|Any CPU.Build.0 = Release|Any CPU
		{B41AE149-F7E2-4564-BE70-6BA2320049F2}.Debug|Any CPU.ActiveCfg = Debug|Any CPU
		{B41AE149-F7E2-4564-BE70-6BA2320049F2}.Debug|Any CPU.Build.0 = Debug|Any CPU
		{B41AE149-F7E2-4564-BE70-6BA2320049F2}.Release|Any CPU.ActiveCfg = Release|Any CPU
		{B41AE149-F7E2-4564-BE70-6BA2320049F2}.Release|Any CPU.Build.0 = Release|Any CPU
	EndGlobalSection
	GlobalSection(SolutionProperties) = preSolution
		HideSolutionNode = FALSE
	EndGlobalSection
	GlobalSection(ExtensibilityGlobals) = postSolution
		SolutionGuid = {0DB3ED61-C759-4A73-A35B-0986CAF1B683}
	EndGlobalSection
EndGlobal
