
Microsoft Visual Studio Solution File, Format Version 12.00
# Visual Studio Version 17
VisualStudioVersion = 17.5.33424.131
MinimumVisualStudioVersion = 10.0.40219.1
Project("{FAE04EC0-301F-11D3-BF4B-00C04F79EFBC}") = "WPF_09.02.2024_Lesson_93_PropertiesBinding", "WPF_09.02.2024_Lesson_93_PropertiesBinding\WPF_09.02.2024_Lesson_93_PropertiesBinding.csproj", "{D63223CA-5AB7-479B-B8D9-308B3EA45B3B}"
EndProject
Global
	GlobalSection(SolutionConfigurationPlatforms) = preSolution
		Debug|Any CPU = Debug|Any CPU
		Release|Any CPU = Release|Any CPU
	EndGlobalSection
	GlobalSection(ProjectConfigurationPlatforms) = postSolution
		{D63223CA-5AB7-479B-B8D9-308B3EA45B3B}.Debug|Any CPU.ActiveCfg = Debug|Any CPU
		{D63223CA-5AB7-479B-B8D9-308B3EA45B3B}.Debug|Any CPU.Build.0 = Debug|Any CPU
		{D63223CA-5AB7-479B-B8D9-308B3EA45B3B}.Release|Any CPU.ActiveCfg = Release|Any CPU
		{D63223CA-5AB7-479B-B8D9-308B3EA45B3B}.Release|Any CPU.Build.0 = Release|Any CPU
	EndGlobalSection
	GlobalSection(SolutionProperties) = preSolution
		HideSolutionNode = FALSE
	EndGlobalSection
	GlobalSection(ExtensibilityGlobals) = postSolution
		SolutionGuid = {D5099402-A642-4E2E-9608-75C58ABDD45B}
	EndGlobalSection
EndGlobal
