
Microsoft Visual Studio Solution File, Format Version 12.00
# Visual Studio Version 17
VisualStudioVersion = 17.6.33815.320
MinimumVisualStudioVersion = 10.0.40219.1
Project("{FAE04EC0-301F-11D3-BF4B-00C04F79EFBC}") = "WinFormsApp1", "WinFormsApp1\WinFormsApp1.csproj", "{CF608359-2607-4A22-9DA4-52FD9BB83281}"
EndProject
Global
	GlobalSection(SolutionConfigurationPlatforms) = preSolution
		Debug|Any CPU = Debug|Any CPU
		Release|Any CPU = Release|Any CPU
	EndGlobalSection
	GlobalSection(ProjectConfigurationPlatforms) = postSolution
		{CF608359-2607-4A22-9DA4-52FD9BB83281}.Debug|Any CPU.ActiveCfg = Debug|Any CPU
		{CF608359-2607-4A22-9DA4-52FD9BB83281}.Debug|Any CPU.Build.0 = Debug|Any CPU
		{CF608359-2607-4A22-9DA4-52FD9BB83281}.Release|Any CPU.ActiveCfg = Release|Any CPU
		{CF608359-2607-4A22-9DA4-52FD9BB83281}.Release|Any CPU.Build.0 = Release|Any CPU
	EndGlobalSection
	GlobalSection(SolutionProperties) = preSolution
		HideSolutionNode = FALSE
	EndGlobalSection
	GlobalSection(ExtensibilityGlobals) = postSolution
		SolutionGuid = {6A561804-6315-4361-8F12-29E6A69F00E5}
	EndGlobalSection
EndGlobal
