
Microsoft Visual Studio Solution File, Format Version 12.00
# Visual Studio Version 17
VisualStudioVersion = 17.9.34723.18
MinimumVisualStudioVersion = 10.0.40219.1
Project("{FAE04EC0-301F-11D3-BF4B-00C04F79EFBC}") = "Train_ticket1", "Train_ticket1\Train_ticket1.csproj", "{09E9DBBB-933C-44E1-B8AF-EF1A4B7A5E62}"
EndProject
Global
	GlobalSection(SolutionConfigurationPlatforms) = preSolution
		Debug|Any CPU = Debug|Any CPU
		Release|Any CPU = Release|Any CPU
	EndGlobalSection
	GlobalSection(ProjectConfigurationPlatforms) = postSolution
		{09E9DBBB-933C-44E1-B8AF-EF1A4B7A5E62}.Debug|Any CPU.ActiveCfg = Debug|Any CPU
		{09E9DBBB-933C-44E1-B8AF-EF1A4B7A5E62}.Debug|Any CPU.Build.0 = Debug|Any CPU
		{09E9DBBB-933C-44E1-B8AF-EF1A4B7A5E62}.Release|Any CPU.ActiveCfg = Release|Any CPU
		{09E9DBBB-933C-44E1-B8AF-EF1A4B7A5E62}.Release|Any CPU.Build.0 = Release|Any CPU
	EndGlobalSection
	GlobalSection(SolutionProperties) = preSolution
		HideSolutionNode = FALSE
	EndGlobalSection
	GlobalSection(ExtensibilityGlobals) = postSolution
		SolutionGuid = {BA3059C2-626C-4B45-9502-FF4FDC68F6A7}
	EndGlobalSection
EndGlobal
