
Microsoft Visual Studio Solution File, Format Version 12.00
# Visual Studio Version 17
VisualStudioVersion = 17.6.33815.320
MinimumVisualStudioVersion = 10.0.40219.1
Project("{FAE04EC0-301F-11D3-BF4B-00C04F79EFBC}") = "FirstGraphics", "FirstGraphics\FirstGraphics.csproj", "{42AF73EF-74B3-46B2-9A96-0856164E5941}"
EndProject
Global
	GlobalSection(SolutionConfigurationPlatforms) = preSolution
		Debug|Any CPU = Debug|Any CPU
		Release|Any CPU = Release|Any CPU
	EndGlobalSection
	GlobalSection(ProjectConfigurationPlatforms) = postSolution
		{42AF73EF-74B3-46B2-9A96-0856164E5941}.Debug|Any CPU.ActiveCfg = Debug|Any CPU
		{42AF73EF-74B3-46B2-9A96-0856164E5941}.Debug|Any CPU.Build.0 = Debug|Any CPU
		{42AF73EF-74B3-46B2-9A96-0856164E5941}.Release|Any CPU.ActiveCfg = Release|Any CPU
		{42AF73EF-74B3-46B2-9A96-0856164E5941}.Release|Any CPU.Build.0 = Release|Any CPU
	EndGlobalSection
	GlobalSection(SolutionProperties) = preSolution
		HideSolutionNode = FALSE
	EndGlobalSection
	GlobalSection(ExtensibilityGlobals) = postSolution
		SolutionGuid = {59CEE42A-74E0-4B41-B5BC-69983A938D1A}
	EndGlobalSection
EndGlobal
