
Microsoft Visual Studio Solution File, Format Version 12.00
# Visual Studio Version 17
VisualStudioVersion = 17.5.33424.131
MinimumVisualStudioVersion = 10.0.40219.1
Project("{FAE04EC0-301F-11D3-BF4B-00C04F79EFBC}") = "WordOperator", "WordOperator\WordOperator.csproj", "{B92F3999-3E0B-4341-84FE-DB183276A823}"
EndProject
Project("{FAE04EC0-301F-11D3-BF4B-00C04F79EFBC}") = "WordPrakt", "WordPrakt\WordPrakt.csproj", "{C2CD88AE-51BA-4503-9E2E-74A0CF590F52}"
EndProject
Global
	GlobalSection(SolutionConfigurationPlatforms) = preSolution
		Debug|Any CPU = Debug|Any CPU
		Release|Any CPU = Release|Any CPU
	EndGlobalSection
	GlobalSection(ProjectConfigurationPlatforms) = postSolution
		{B92F3999-3E0B-4341-84FE-DB183276A823}.Debug|Any CPU.ActiveCfg = Debug|Any CPU
		{B92F3999-3E0B-4341-84FE-DB183276A823}.Debug|Any CPU.Build.0 = Debug|Any CPU
		{B92F3999-3E0B-4341-84FE-DB183276A823}.Release|Any CPU.ActiveCfg = Release|Any CPU
		{B92F3999-3E0B-4341-84FE-DB183276A823}.Release|Any CPU.Build.0 = Release|Any CPU
		{C2CD88AE-51BA-4503-9E2E-74A0CF590F52}.Debug|Any CPU.ActiveCfg = Debug|Any CPU
		{C2CD88AE-51BA-4503-9E2E-74A0CF590F52}.Debug|Any CPU.Build.0 = Debug|Any CPU
		{C2CD88AE-51BA-4503-9E2E-74A0CF590F52}.Release|Any CPU.ActiveCfg = Release|Any CPU
		{C2CD88AE-51BA-4503-9E2E-74A0CF590F52}.Release|Any CPU.Build.0 = Release|Any CPU
	EndGlobalSection
	GlobalSection(SolutionProperties) = preSolution
		HideSolutionNode = FALSE
	EndGlobalSection
	GlobalSection(ExtensibilityGlobals) = postSolution
		SolutionGuid = {73A179F5-03E7-4F14-946A-1EA28D393645}
	EndGlobalSection
EndGlobal
