
Microsoft Visual Studio Solution File, Format Version 12.00
# Visual Studio Version 17
VisualStudioVersion = 17.7.34024.191
MinimumVisualStudioVersion = 10.0.40219.1
Project("{FAE04EC0-301F-11D3-BF4B-00C04F79EFBC}") = "SamUchi", "SamUchi\SamUchi.csproj", "{FCECD001-79FA-4BD0-970B-BBF683FCEF6F}"
EndProject
Global
	GlobalSection(SolutionConfigurationPlatforms) = preSolution
		Debug|Any CPU = Debug|Any CPU
		Release|Any CPU = Release|Any CPU
	EndGlobalSection
	GlobalSection(ProjectConfigurationPlatforms) = postSolution
		{FCECD001-79FA-4BD0-970B-BBF683FCEF6F}.Debug|Any CPU.ActiveCfg = Debug|Any CPU
		{FCECD001-79FA-4BD0-970B-BBF683FCEF6F}.Debug|Any CPU.Build.0 = Debug|Any CPU
		{FCECD001-79FA-4BD0-970B-BBF683FCEF6F}.Release|Any CPU.ActiveCfg = Release|Any CPU
		{FCECD001-79FA-4BD0-970B-BBF683FCEF6F}.Release|Any CPU.Build.0 = Release|Any CPU
	EndGlobalSection
	GlobalSection(SolutionProperties) = preSolution
		HideSolutionNode = FALSE
	EndGlobalSection
	GlobalSection(ExtensibilityGlobals) = postSolution
		SolutionGuid = {D5103324-4EB1-4ACF-8EFB-E78A9BD36F06}
	EndGlobalSection
EndGlobal
