
Microsoft Visual Studio Solution File, Format Version 12.00
# Visual Studio Version 17
VisualStudioVersion = 17.5.33424.131
MinimumVisualStudioVersion = 10.0.40219.1
Project("{FAE04EC0-301F-11D3-BF4B-00C04F79EFBC}") = "WPF_31.01.2024", "WPF_31.01.2024\WPF_31.01.2024.csproj", "{C59183DA-45A2-4E07-8D35-458BE7BBC201}"
EndProject
Project("{FAE04EC0-301F-11D3-BF4B-00C04F79EFBC}") = "WPF_Prakt", "WPF_Prakt\WPF_Prakt.csproj", "{9D86C0ED-0D11-4C13-A75D-CA5D8E01FBE3}"
EndProject
Project("{FAE04EC0-301F-11D3-BF4B-00C04F79EFBC}") = "WPF_Slovar_Lesson_86_ResourcesDictinary", "WPF_Slovar_Lesson_86_ResourcesDictinary\WPF_Slovar_Lesson_86_ResourcesDictinary.csproj", "{94140737-11D6-4AEC-8093-3DF43412AA32}"
EndProject
Project("{FAE04EC0-301F-11D3-BF4B-00C04F79EFBC}") = "WPF_Grdient", "WPF_Grdient\WPF_Grdient.csproj", "{B143BC07-2BD1-46F9-A094-323E4A2E631B}"
EndProject
Global
	GlobalSection(SolutionConfigurationPlatforms) = preSolution
		Debug|Any CPU = Debug|Any CPU
		Release|Any CPU = Release|Any CPU
	EndGlobalSection
	GlobalSection(ProjectConfigurationPlatforms) = postSolution
		{C59183DA-45A2-4E07-8D35-458BE7BBC201}.Debug|Any CPU.ActiveCfg = Debug|Any CPU
		{C59183DA-45A2-4E07-8D35-458BE7BBC201}.Debug|Any CPU.Build.0 = Debug|Any CPU
		{C59183DA-45A2-4E07-8D35-458BE7BBC201}.Release|Any CPU.ActiveCfg = Release|Any CPU
		{C59183DA-45A2-4E07-8D35-458BE7BBC201}.Release|Any CPU.Build.0 = Release|Any CPU
		{9D86C0ED-0D11-4C13-A75D-CA5D8E01FBE3}.Debug|Any CPU.ActiveCfg = Debug|Any CPU
		{9D86C0ED-0D11-4C13-A75D-CA5D8E01FBE3}.Debug|Any CPU.Build.0 = Debug|Any CPU
		{9D86C0ED-0D11-4C13-A75D-CA5D8E01FBE3}.Release|Any CPU.ActiveCfg = Release|Any CPU
		{9D86C0ED-0D11-4C13-A75D-CA5D8E01FBE3}.Release|Any CPU.Build.0 = Release|Any CPU
		{94140737-11D6-4AEC-8093-3DF43412AA32}.Debug|Any CPU.ActiveCfg = Debug|Any CPU
		{94140737-11D6-4AEC-8093-3DF43412AA32}.Debug|Any CPU.Build.0 = Debug|Any CPU
		{94140737-11D6-4AEC-8093-3DF43412AA32}.Release|Any CPU.ActiveCfg = Release|Any CPU
		{94140737-11D6-4AEC-8093-3DF43412AA32}.Release|Any CPU.Build.0 = Release|Any CPU
		{B143BC07-2BD1-46F9-A094-323E4A2E631B}.Debug|Any CPU.ActiveCfg = Debug|Any CPU
		{B143BC07-2BD1-46F9-A094-323E4A2E631B}.Debug|Any CPU.Build.0 = Debug|Any CPU
		{B143BC07-2BD1-46F9-A094-323E4A2E631B}.Release|Any CPU.ActiveCfg = Release|Any CPU
		{B143BC07-2BD1-46F9-A094-323E4A2E631B}.Release|Any CPU.Build.0 = Release|Any CPU
	EndGlobalSection
	GlobalSection(SolutionProperties) = preSolution
		HideSolutionNode = FALSE
	EndGlobalSection
	GlobalSection(ExtensibilityGlobals) = postSolution
		SolutionGuid = {4DF163A2-1E55-49DB-810B-DDC9E7CAB76A}
	EndGlobalSection
EndGlobal
