
Microsoft Visual Studio Solution File, Format Version 12.00
# Visual Studio Version 17
VisualStudioVersion = 17.6.33723.286
MinimumVisualStudioVersion = 10.0.40219.1
Project("{FAE04EC0-301F-11D3-BF4B-00C04F79EFBC}") = "HWSplit", "HWSplit\HWSplit.csproj", "{94C336CC-1B24-4E16-A53C-5866A4B9DCC1}"
EndProject
Global
	GlobalSection(SolutionConfigurationPlatforms) = preSolution
		Debug|Any CPU = Debug|Any CPU
		Release|Any CPU = Release|Any CPU
	EndGlobalSection
	GlobalSection(ProjectConfigurationPlatforms) = postSolution
		{94C336CC-1B24-4E16-A53C-5866A4B9DCC1}.Debug|Any CPU.ActiveCfg = Debug|Any CPU
		{94C336CC-1B24-4E16-A53C-5866A4B9DCC1}.Debug|Any CPU.Build.0 = Debug|Any CPU
		{94C336CC-1B24-4E16-A53C-5866A4B9DCC1}.Release|Any CPU.ActiveCfg = Release|Any CPU
		{94C336CC-1B24-4E16-A53C-5866A4B9DCC1}.Release|Any CPU.Build.0 = Release|Any CPU
	EndGlobalSection
	GlobalSection(SolutionProperties) = preSolution
		HideSolutionNode = FALSE
	EndGlobalSection
	GlobalSection(ExtensibilityGlobals) = postSolution
		SolutionGuid = {79E9DDE0-9B31-4457-8305-DF378578D1DA}
	EndGlobalSection
EndGlobal
