
Microsoft Visual Studio Solution File, Format Version 12.00
# Visual Studio Version 17
VisualStudioVersion = 17.6.33815.320
MinimumVisualStudioVersion = 10.0.40219.1
Project("{FAE04EC0-301F-11D3-BF4B-00C04F79EFBC}") = "HWOOP4", "HWOOP4\HWOOP4.csproj", "{65155014-10C8-4A04-8EA9-EA1F3D944EA3}"
EndProject
Global
	GlobalSection(SolutionConfigurationPlatforms) = preSolution
		Debug|Any CPU = Debug|Any CPU
		Release|Any CPU = Release|Any CPU
	EndGlobalSection
	GlobalSection(ProjectConfigurationPlatforms) = postSolution
		{65155014-10C8-4A04-8EA9-EA1F3D944EA3}.Debug|Any CPU.ActiveCfg = Debug|Any CPU
		{65155014-10C8-4A04-8EA9-EA1F3D944EA3}.Debug|Any CPU.Build.0 = Debug|Any CPU
		{65155014-10C8-4A04-8EA9-EA1F3D944EA3}.Release|Any CPU.ActiveCfg = Release|Any CPU
		{65155014-10C8-4A04-8EA9-EA1F3D944EA3}.Release|Any CPU.Build.0 = Release|Any CPU
	EndGlobalSection
	GlobalSection(SolutionProperties) = preSolution
		HideSolutionNode = FALSE
	EndGlobalSection
	GlobalSection(ExtensibilityGlobals) = postSolution
		SolutionGuid = {EC59E6E6-E0CC-4B3F-BDCB-04E1A120E1BC}
	EndGlobalSection
EndGlobal
