
Microsoft Visual Studio Solution File, Format Version 12.00
# Visual Studio Version 17
VisualStudioVersion = 17.5.33424.131
MinimumVisualStudioVersion = 10.0.40219.1
Project("{FAE04EC0-301F-11D3-BF4B-00C04F79EFBC}") = "WPF_02.02.2024", "WPF_02.02.2024\WPF_02.02.2024.csproj", "{2BDBA455-FADA-47A0-8C7E-6AA6CA5A525E}"
EndProject
Global
	GlobalSection(SolutionConfigurationPlatforms) = preSolution
		Debug|Any CPU = Debug|Any CPU
		Release|Any CPU = Release|Any CPU
	EndGlobalSection
	GlobalSection(ProjectConfigurationPlatforms) = postSolution
		{2BDBA455-FADA-47A0-8C7E-6AA6CA5A525E}.Debug|Any CPU.ActiveCfg = Debug|Any CPU
		{2BDBA455-FADA-47A0-8C7E-6AA6CA5A525E}.Debug|Any CPU.Build.0 = Debug|Any CPU
		{2BDBA455-FADA-47A0-8C7E-6AA6CA5A525E}.Release|Any CPU.ActiveCfg = Release|Any CPU
		{2BDBA455-FADA-47A0-8C7E-6AA6CA5A525E}.Release|Any CPU.Build.0 = Release|Any CPU
	EndGlobalSection
	GlobalSection(SolutionProperties) = preSolution
		HideSolutionNode = FALSE
	EndGlobalSection
	GlobalSection(ExtensibilityGlobals) = postSolution
		SolutionGuid = {D5BBE2F4-7719-4D73-B1A0-4234B58EEC47}
	EndGlobalSection
EndGlobal
