
Microsoft Visual Studio Solution File, Format Version 12.00
# Visual Studio Version 17
VisualStudioVersion = 17.5.33424.131
MinimumVisualStudioVersion = 10.0.40219.1
Project("{FAE04EC0-301F-11D3-BF4B-00C04F79EFBC}") = "Theme_34_Lesson_1_ModelCreating", "Theme_34_Lesson_1_ModelCreating\Theme_34_Lesson_1_ModelCreating.csproj", "{DE4962C4-7C40-4552-B705-480CDC30BCDA}"
EndProject
Project("{FAE04EC0-301F-11D3-BF4B-00C04F79EFBC}") = "Theme_34_Lesson_1_ModelCreating1", "Theme_34_Lesson_1_ModelCreating1\Theme_34_Lesson_1_ModelCreating1.csproj", "{61C25D28-4A37-4619-9DAC-9EFF93F36622}"
EndProject
Global
	GlobalSection(SolutionConfigurationPlatforms) = preSolution
		Debug|Any CPU = Debug|Any CPU
		Release|Any CPU = Release|Any CPU
	EndGlobalSection
	GlobalSection(ProjectConfigurationPlatforms) = postSolution
		{DE4962C4-7C40-4552-B705-480CDC30BCDA}.Debug|Any CPU.ActiveCfg = Debug|Any CPU
		{DE4962C4-7C40-4552-B705-480CDC30BCDA}.Debug|Any CPU.Build.0 = Debug|Any CPU
		{DE4962C4-7C40-4552-B705-480CDC30BCDA}.Release|Any CPU.ActiveCfg = Release|Any CPU
		{DE4962C4-7C40-4552-B705-480CDC30BCDA}.Release|Any CPU.Build.0 = Release|Any CPU
		{61C25D28-4A37-4619-9DAC-9EFF93F36622}.Debug|Any CPU.ActiveCfg = Debug|Any CPU
		{61C25D28-4A37-4619-9DAC-9EFF93F36622}.Debug|Any CPU.Build.0 = Debug|Any CPU
		{61C25D28-4A37-4619-9DAC-9EFF93F36622}.Release|Any CPU.ActiveCfg = Release|Any CPU
		{61C25D28-4A37-4619-9DAC-9EFF93F36622}.Release|Any CPU.Build.0 = Release|Any CPU
	EndGlobalSection
	GlobalSection(SolutionProperties) = preSolution
		HideSolutionNode = FALSE
	EndGlobalSection
	GlobalSection(ExtensibilityGlobals) = postSolution
		SolutionGuid = {B2CC3B35-8957-4D6E-AD53-E34E50A0C36E}
	EndGlobalSection
EndGlobal
