
Microsoft Visual Studio Solution File, Format Version 12.00
# Visual Studio Version 17
VisualStudioVersion = 17.5.33424.131
MinimumVisualStudioVersion = 10.0.40219.1
Project("{FAE04EC0-301F-11D3-BF4B-00C04F79EFBC}") = "WPF_Lesson_1", "WPF_Lesson_1\WPF_Lesson_1.csproj", "{1B4606EE-8E39-473B-AFE7-3FBA9BDE0D3B}"
EndProject
Global
	GlobalSection(SolutionConfigurationPlatforms) = preSolution
		Debug|Any CPU = Debug|Any CPU
		Release|Any CPU = Release|Any CPU
	EndGlobalSection
	GlobalSection(ProjectConfigurationPlatforms) = postSolution
		{1B4606EE-8E39-473B-AFE7-3FBA9BDE0D3B}.Debug|Any CPU.ActiveCfg = Debug|Any CPU
		{1B4606EE-8E39-473B-AFE7-3FBA9BDE0D3B}.Debug|Any CPU.Build.0 = Debug|Any CPU
		{1B4606EE-8E39-473B-AFE7-3FBA9BDE0D3B}.Release|Any CPU.ActiveCfg = Release|Any CPU
		{1B4606EE-8E39-473B-AFE7-3FBA9BDE0D3B}.Release|Any CPU.Build.0 = Release|Any CPU
	EndGlobalSection
	GlobalSection(SolutionProperties) = preSolution
		HideSolutionNode = FALSE
	EndGlobalSection
	GlobalSection(ExtensibilityGlobals) = postSolution
		SolutionGuid = {390F6BDA-04A1-4B71-8A9B-39E48CE61C97}
	EndGlobalSection
EndGlobal
