
Microsoft Visual Studio Solution File, Format Version 12.00
# Visual Studio Version 17
VisualStudioVersion = 17.3.32901.215
MinimumVisualStudioVersion = 10.0.40219.1
Project("{FAE04EC0-301F-11D3-BF4B-00C04F79EFBC}") = "Behav_pattern_20.03.2024", "Behav_pattern_20.03.2024.csproj", "{64EC0FEC-6465-48FC-A2B7-F245386AC86C}"
EndProject
Project("{FAE04EC0-301F-11D3-BF4B-00C04F79EFBC}") = "Behav_povedenie", "..\Behav_povedenie\Behav_povedenie.csproj", "{AF530EF0-262F-4426-9FF7-016ECE71E121}"
EndProject
Global
	GlobalSection(SolutionConfigurationPlatforms) = preSolution
		Debug|Any CPU = Debug|Any CPU
		Release|Any CPU = Release|Any CPU
	EndGlobalSection
	GlobalSection(ProjectConfigurationPlatforms) = postSolution
		{64EC0FEC-6465-48FC-A2B7-F245386AC86C}.Debug|Any CPU.ActiveCfg = Debug|Any CPU
		{64EC0FEC-6465-48FC-A2B7-F245386AC86C}.Debug|Any CPU.Build.0 = Debug|Any CPU
		{64EC0FEC-6465-48FC-A2B7-F245386AC86C}.Release|Any CPU.ActiveCfg = Release|Any CPU
		{64EC0FEC-6465-48FC-A2B7-F245386AC86C}.Release|Any CPU.Build.0 = Release|Any CPU
		{AF530EF0-262F-4426-9FF7-016ECE71E121}.Debug|Any CPU.ActiveCfg = Debug|Any CPU
		{AF530EF0-262F-4426-9FF7-016ECE71E121}.Debug|Any CPU.Build.0 = Debug|Any CPU
		{AF530EF0-262F-4426-9FF7-016ECE71E121}.Release|Any CPU.ActiveCfg = Release|Any CPU
		{AF530EF0-262F-4426-9FF7-016ECE71E121}.Release|Any CPU.Build.0 = Release|Any CPU
	EndGlobalSection
	GlobalSection(SolutionProperties) = preSolution
		HideSolutionNode = FALSE
	EndGlobalSection
	GlobalSection(ExtensibilityGlobals) = postSolution
		SolutionGuid = {946F824D-2FDE-4B92-AE68-10F5D7147B3D}
	EndGlobalSection
EndGlobal
