
Microsoft Visual Studio Solution File, Format Version 12.00
# Visual Studio Version 17
VisualStudioVersion = 17.9.34728.123
MinimumVisualStudioVersion = 10.0.40219.1
Project("{FAE04EC0-301F-11D3-BF4B-00C04F79EFBC}") = "WpfApp1", "WpfApp1\WpfApp1.csproj", "{75DD71A9-7649-4732-A7D6-B9F876C18D04}"
EndProject
Global
	GlobalSection(SolutionConfigurationPlatforms) = preSolution
		Debug|Any CPU = Debug|Any CPU
		Release|Any CPU = Release|Any CPU
	EndGlobalSection
	GlobalSection(ProjectConfigurationPlatforms) = postSolution
		{75DD71A9-7649-4732-A7D6-B9F876C18D04}.Debug|Any CPU.ActiveCfg = Debug|Any CPU
		{75DD71A9-7649-4732-A7D6-B9F876C18D04}.Debug|Any CPU.Build.0 = Debug|Any CPU
		{75DD71A9-7649-4732-A7D6-B9F876C18D04}.Release|Any CPU.ActiveCfg = Release|Any CPU
		{75DD71A9-7649-4732-A7D6-B9F876C18D04}.Release|Any CPU.Build.0 = Release|Any CPU
	EndGlobalSection
	GlobalSection(SolutionProperties) = preSolution
		HideSolutionNode = FALSE
	EndGlobalSection
	GlobalSection(ExtensibilityGlobals) = postSolution
		SolutionGuid = {0263716B-0B3F-44E3-BC2D-B9D9DBC7966B}
	EndGlobalSection
EndGlobal
