
Microsoft Visual Studio Solution File, Format Version 12.00
# Visual Studio Version 17
VisualStudioVersion = 17.7.34031.279
MinimumVisualStudioVersion = 10.0.40219.1
Project("{FAE04EC0-301F-11D3-BF4B-00C04F79EFBC}") = "BuilderMethod", "BuilderMethod\BuilderMethod.csproj", "{374557E6-C2AC-4A94-AABE-510D0F5A6C5A}"
EndProject
Global
	GlobalSection(SolutionConfigurationPlatforms) = preSolution
		Debug|Any CPU = Debug|Any CPU
		Release|Any CPU = Release|Any CPU
	EndGlobalSection
	GlobalSection(ProjectConfigurationPlatforms) = postSolution
		{374557E6-C2AC-4A94-AABE-510D0F5A6C5A}.Debug|Any CPU.ActiveCfg = Debug|Any CPU
		{374557E6-C2AC-4A94-AABE-510D0F5A6C5A}.Debug|Any CPU.Build.0 = Debug|Any CPU
		{374557E6-C2AC-4A94-AABE-510D0F5A6C5A}.Release|Any CPU.ActiveCfg = Release|Any CPU
		{374557E6-C2AC-4A94-AABE-510D0F5A6C5A}.Release|Any CPU.Build.0 = Release|Any CPU
	EndGlobalSection
	GlobalSection(SolutionProperties) = preSolution
		HideSolutionNode = FALSE
	EndGlobalSection
	GlobalSection(ExtensibilityGlobals) = postSolution
		SolutionGuid = {D5A106D8-FCDC-4AAA-91BB-E15396F3A6F6}
	EndGlobalSection
EndGlobal
