
Microsoft Visual Studio Solution File, Format Version 12.00
# Visual Studio Version 17
VisualStudioVersion = 17.5.33424.131
MinimumVisualStudioVersion = 10.0.40219.1
Project("{FAE04EC0-301F-11D3-BF4B-00C04F79EFBC}") = "XML29.11.2023", "XML29.11.2023\XML29.11.2023.csproj", "{3D0B6980-0D8D-4272-B3AD-989C5534192F}"
EndProject
Project("{FAE04EC0-301F-11D3-BF4B-00C04F79EFBC}") = "XMLPrakt", "XMLPrakt\XMLPrakt.csproj", "{1A901072-1017-4180-97F4-EB05A67A316E}"
EndProject
Global
	GlobalSection(SolutionConfigurationPlatforms) = preSolution
		Debug|Any CPU = Debug|Any CPU
		Release|Any CPU = Release|Any CPU
	EndGlobalSection
	GlobalSection(ProjectConfigurationPlatforms) = postSolution
		{3D0B6980-0D8D-4272-B3AD-989C5534192F}.Debug|Any CPU.ActiveCfg = Debug|Any CPU
		{3D0B6980-0D8D-4272-B3AD-989C5534192F}.Debug|Any CPU.Build.0 = Debug|Any CPU
		{3D0B6980-0D8D-4272-B3AD-989C5534192F}.Release|Any CPU.ActiveCfg = Release|Any CPU
		{3D0B6980-0D8D-4272-B3AD-989C5534192F}.Release|Any CPU.Build.0 = Release|Any CPU
		{1A901072-1017-4180-97F4-EB05A67A316E}.Debug|Any CPU.ActiveCfg = Debug|Any CPU
		{1A901072-1017-4180-97F4-EB05A67A316E}.Debug|Any CPU.Build.0 = Debug|Any CPU
		{1A901072-1017-4180-97F4-EB05A67A316E}.Release|Any CPU.ActiveCfg = Release|Any CPU
		{1A901072-1017-4180-97F4-EB05A67A316E}.Release|Any CPU.Build.0 = Release|Any CPU
	EndGlobalSection
	GlobalSection(SolutionProperties) = preSolution
		HideSolutionNode = FALSE
	EndGlobalSection
	GlobalSection(ExtensibilityGlobals) = postSolution
		SolutionGuid = {C7A14E79-7601-4957-BCB9-803CFFEAEDAE}
	EndGlobalSection
EndGlobal
