
Microsoft Visual Studio Solution File, Format Version 12.00
# Visual Studio Version 17
VisualStudioVersion = 17.6.33723.286
MinimumVisualStudioVersion = 10.0.40219.1
Project("{FAE04EC0-301F-11D3-BF4B-00C04F79EFBC}") = "15", "15\15.csproj", "{CE06BF28-82E7-4C0C-A0FE-C6448DA5689F}"
EndProject
Global
	GlobalSection(SolutionConfigurationPlatforms) = preSolution
		Debug|Any CPU = Debug|Any CPU
		Release|Any CPU = Release|Any CPU
	EndGlobalSection
	GlobalSection(ProjectConfigurationPlatforms) = postSolution
		{CE06BF28-82E7-4C0C-A0FE-C6448DA5689F}.Debug|Any CPU.ActiveCfg = Debug|Any CPU
		{CE06BF28-82E7-4C0C-A0FE-C6448DA5689F}.Debug|Any CPU.Build.0 = Debug|Any CPU
		{CE06BF28-82E7-4C0C-A0FE-C6448DA5689F}.Release|Any CPU.ActiveCfg = Release|Any CPU
		{CE06BF28-82E7-4C0C-A0FE-C6448DA5689F}.Release|Any CPU.Build.0 = Release|Any CPU
	EndGlobalSection
	GlobalSection(SolutionProperties) = preSolution
		HideSolutionNode = FALSE
	EndGlobalSection
	GlobalSection(ExtensibilityGlobals) = postSolution
		SolutionGuid = {F5E34506-E56B-4D47-8C9F-076C31B1FF28}
	EndGlobalSection
EndGlobal
