
Microsoft Visual Studio Solution File, Format Version 12.00
# Visual Studio Version 17
VisualStudioVersion = 17.6.33801.468
MinimumVisualStudioVersion = 10.0.40219.1
Project("{FAE04EC0-301F-11D3-BF4B-00C04F79EFBC}") = "Timer", "Timer\Timer.csproj", "{39A9F68A-25DD-4CC2-9273-921A2C43054C}"
EndProject
Global
	GlobalSection(SolutionConfigurationPlatforms) = preSolution
		Debug|Any CPU = Debug|Any CPU
		Release|Any CPU = Release|Any CPU
	EndGlobalSection
	GlobalSection(ProjectConfigurationPlatforms) = postSolution
		{39A9F68A-25DD-4CC2-9273-921A2C43054C}.Debug|Any CPU.ActiveCfg = Debug|Any CPU
		{39A9F68A-25DD-4CC2-9273-921A2C43054C}.Debug|Any CPU.Build.0 = Debug|Any CPU
		{39A9F68A-25DD-4CC2-9273-921A2C43054C}.Release|Any CPU.ActiveCfg = Release|Any CPU
		{39A9F68A-25DD-4CC2-9273-921A2C43054C}.Release|Any CPU.Build.0 = Release|Any CPU
	EndGlobalSection
	GlobalSection(SolutionProperties) = preSolution
		HideSolutionNode = FALSE
	EndGlobalSection
	GlobalSection(ExtensibilityGlobals) = postSolution
		SolutionGuid = {44782FF5-E11A-4711-9EBB-CC7024A505A4}
	EndGlobalSection
EndGlobal
