
Microsoft Visual Studio Solution File, Format Version 12.00
# Visual Studio Version 17
VisualStudioVersion = 17.3.32901.215
MinimumVisualStudioVersion = 10.0.40219.1
Project("{FAE04EC0-301F-11D3-BF4B-00C04F79EFBC}") = "Kurs", "Kurs\Kurs.csproj", "{107A35CC-6251-4B39-9205-39EC24EE2716}"
EndProject
Global
	GlobalSection(SolutionConfigurationPlatforms) = preSolution
		Debug|Any CPU = Debug|Any CPU
		Release|Any CPU = Release|Any CPU
	EndGlobalSection
	GlobalSection(ProjectConfigurationPlatforms) = postSolution
		{107A35CC-6251-4B39-9205-39EC24EE2716}.Debug|Any CPU.ActiveCfg = Debug|Any CPU
		{107A35CC-6251-4B39-9205-39EC24EE2716}.Debug|Any CPU.Build.0 = Debug|Any CPU
		{107A35CC-6251-4B39-9205-39EC24EE2716}.Release|Any CPU.ActiveCfg = Release|Any CPU
		{107A35CC-6251-4B39-9205-39EC24EE2716}.Release|Any CPU.Build.0 = Release|Any CPU
	EndGlobalSection
	GlobalSection(SolutionProperties) = preSolution
		HideSolutionNode = FALSE
	EndGlobalSection
	GlobalSection(ExtensibilityGlobals) = postSolution
		SolutionGuid = {D59B09C7-FC1F-44BB-BDF5-789993BD45C0}
	EndGlobalSection
EndGlobal
