
Microsoft Visual Studio Solution File, Format Version 12.00
# Visual Studio Version 17
VisualStudioVersion = 17.3.32901.215
MinimumVisualStudioVersion = 10.0.40219.1
Project("{FAE04EC0-301F-11D3-BF4B-00C04F79EFBC}") = "ConsoleApp4", "ConsoleApp4.csproj", "{C9AA2117-1EF1-43D7-909E-B8F14B4B5BD1}"
EndProject
Global
	GlobalSection(SolutionConfigurationPlatforms) = preSolution
		Debug|Any CPU = Debug|Any CPU
		Release|Any CPU = Release|Any CPU
	EndGlobalSection
	GlobalSection(ProjectConfigurationPlatforms) = postSolution
		{C9AA2117-1EF1-43D7-909E-B8F14B4B5BD1}.Debug|Any CPU.ActiveCfg = Debug|Any CPU
		{C9AA2117-1EF1-43D7-909E-B8F14B4B5BD1}.Debug|Any CPU.Build.0 = Debug|Any CPU
		{C9AA2117-1EF1-43D7-909E-B8F14B4B5BD1}.Release|Any CPU.ActiveCfg = Release|Any CPU
		{C9AA2117-1EF1-43D7-909E-B8F14B4B5BD1}.Release|Any CPU.Build.0 = Release|Any CPU
	EndGlobalSection
	GlobalSection(SolutionProperties) = preSolution
		HideSolutionNode = FALSE
	EndGlobalSection
	GlobalSection(ExtensibilityGlobals) = postSolution
		SolutionGuid = {CDD4B4B1-9260-48E7-BADB-F4A780A3BDC1}
	EndGlobalSection
EndGlobal
