
Microsoft Visual Studio Solution File, Format Version 12.00
# Visual Studio Version 17
VisualStudioVersion = 17.6.33815.320
MinimumVisualStudioVersion = 10.0.40219.1
Project("{FAE04EC0-301F-11D3-BF4B-00C04F79EFBC}") = "HWOOP5", "HWOOP5\HWOOP5.csproj", "{16152F57-EFC1-4D26-9E2B-AB607068F89E}"
EndProject
Global
	GlobalSection(SolutionConfigurationPlatforms) = preSolution
		Debug|Any CPU = Debug|Any CPU
		Release|Any CPU = Release|Any CPU
	EndGlobalSection
	GlobalSection(ProjectConfigurationPlatforms) = postSolution
		{16152F57-EFC1-4D26-9E2B-AB607068F89E}.Debug|Any CPU.ActiveCfg = Debug|Any CPU
		{16152F57-EFC1-4D26-9E2B-AB607068F89E}.Debug|Any CPU.Build.0 = Debug|Any CPU
		{16152F57-EFC1-4D26-9E2B-AB607068F89E}.Release|Any CPU.ActiveCfg = Release|Any CPU
		{16152F57-EFC1-4D26-9E2B-AB607068F89E}.Release|Any CPU.Build.0 = Release|Any CPU
	EndGlobalSection
	GlobalSection(SolutionProperties) = preSolution
		HideSolutionNode = FALSE
	EndGlobalSection
	GlobalSection(ExtensibilityGlobals) = postSolution
		SolutionGuid = {329E2C67-DAA8-4662-8C42-1D0A29B46DBE}
	EndGlobalSection
EndGlobal
